{
  "name": "pandahis-miniapp",
  "lockfileVersion": 3,
  "requires": true,
  "packages": {
    "": {
      "name": "pandahis-miniapp",
      "dependencies": {
        "@antv/f6-wx": "^0.0.7"
      },
      "devDependencies": {
        "miniprogram-api-typings": "^4.0.0",
        "typescript": "^5.4.5"
      }
    },
    "node_modules/@antv/f6-wx": {
      "version": "0.0.7",
      "resolved": "https://registry.npmjs.org/@antv/f6-wx/-/f6-wx-0.0.7.tgz",
      "integrity": "sha512-Q6GKLAWBUZ1H74PpUAPPq+laP+DtdTKnIIeq6FCufVyHOgSlJSf+Jm6aPdASok+oNJvgUDcFWvZS9qLqyV/2TA==",
      "license": "MIT"
    },
    "node_modules/miniprogram-api-typings": {
      "version": "4.1.3",
      "resolved": "https://registry.npmjs.org/miniprogram-api-typings/-/miniprogram-api-typings-4.1.3.tgz",
      "integrity": "sha512-5mobiXzDS3KFJMM20cIg5m7hiFSJY0YGpgm5yzFeIJ+UP15RGOtW/ztqAhRfOQIvPBD0WyYB+WFCWaeeTTEZTQ==",
      "dev": true,
      "license": "MIT"
    },
    "node_modules/typescript": {
      "version": "5.4.5",
      "resolved": "https://registry.npmjs.org/typescript/-/typescript-5.4.5.tgz",
      "integrity": "sha512-vcI4UpRgg81oIRUFwR0WSIHKt11nJ7SAVlYNIu+QpqeyXP+gpQJy/Z4+F0aGxSE4MqwjyXvW/TzgkLAx2AGHwQ==",
      "dev": true,
      "license": "Apache-2.0",
      "bin": {
        "tsc": "bin/tsc",
        "tsserver": "bin/tsserver"
      },
      "engines": {
        "node": ">=14.17"
      }
    }
  }
}
